
Microsoft Visual Studio Solution File, Format Version 12.00
Project("{2150E333-8FDC-42A3-9474-1A3956D46DE8}") = "src", "src", "{C5F9E4A4-09F2-41C7-90C4-7336976679E4}"
EndProject
Project("{2150E333-8FDC-42A3-9474-1A3956D46DE8}") = "test", "test", "{37D3A879-785B-4B7D-A843-123FCA616788}"
EndProject
Project("{FAE04EC0-301F-11D3-BF4B-00C04F79EFBC}") = "SnackHub.ClientService.Application", "src\SnackHub.ClientService.Application\SnackHub.ClientService.Application.csproj", "{A52ADACF-F745-478F-B4F4-892C7690EA69}"
EndProject
Project("{FAE04EC0-301F-11D3-BF4B-00C04F79EFBC}") = "SnackHub.ClientService.Domain", "src\SnackHub.ClientService.Domain\SnackHub.ClientService.Domain.csproj", "{C2B5366F-D561-4836-9D71-CC7CB8747485}"
EndProject
Project("{FAE04EC0-301F-11D3-BF4B-00C04F79EFBC}") = "SnackHub.ClientService.Infra", "src\SnackHub.ClientService.Infra\SnackHub.ClientService.Infra.csproj", "{2F10717F-CFB9-4FA5-8AA0-80482768D02A}"
EndProject
Project("{FAE04EC0-301F-11D3-BF4B-00C04F79EFBC}") = "SnackHub.ClientService.Api", "src\SnackHub.ClientService.Api\SnackHub.ClientService.Api.csproj", "{8B329BBC-FCB9-4D5C-96A6-A62E33447472}"
EndProject
Global
	GlobalSection(SolutionConfigurationPlatforms) = preSolution
		Debug|Any CPU = Debug|Any CPU
		Release|Any CPU = Release|Any CPU
	EndGlobalSection
	GlobalSection(NestedProjects) = preSolution
		{A52ADACF-F745-478F-B4F4-892C7690EA69} = {C5F9E4A4-09F2-41C7-90C4-7336976679E4}
		{C2B5366F-D561-4836-9D71-CC7CB8747485} = {C5F9E4A4-09F2-41C7-90C4-7336976679E4}
		{2F10717F-CFB9-4FA5-8AA0-80482768D02A} = {C5F9E4A4-09F2-41C7-90C4-7336976679E4}
		{8B329BBC-FCB9-4D5C-96A6-A62E33447472} = {C5F9E4A4-09F2-41C7-90C4-7336976679E4}
	EndGlobalSection
	GlobalSection(ProjectConfigurationPlatforms) = postSolution
		{A52ADACF-F745-478F-B4F4-892C7690EA69}.Debug|Any CPU.ActiveCfg = Debug|Any CPU
		{A52ADACF-F745-478F-B4F4-892C7690EA69}.Debug|Any CPU.Build.0 = Debug|Any CPU
		{A52ADACF-F745-478F-B4F4-892C7690EA69}.Release|Any CPU.ActiveCfg = Release|Any CPU
		{A52ADACF-F745-478F-B4F4-892C7690EA69}.Release|Any CPU.Build.0 = Release|Any CPU
		{C2B5366F-D561-4836-9D71-CC7CB8747485}.Debug|Any CPU.ActiveCfg = Debug|Any CPU
		{C2B5366F-D561-4836-9D71-CC7CB8747485}.Debug|Any CPU.Build.0 = Debug|Any CPU
		{C2B5366F-D561-4836-9D71-CC7CB8747485}.Release|Any CPU.ActiveCfg = Release|Any CPU
		{C2B5366F-D561-4836-9D71-CC7CB8747485}.Release|Any CPU.Build.0 = Release|Any CPU
		{2F10717F-CFB9-4FA5-8AA0-80482768D02A}.Debug|Any CPU.ActiveCfg = Debug|Any CPU
		{2F10717F-CFB9-4FA5-8AA0-80482768D02A}.Debug|Any CPU.Build.0 = Debug|Any CPU
		{2F10717F-CFB9-4FA5-8AA0-80482768D02A}.Release|Any CPU.ActiveCfg = Release|Any CPU
		{2F10717F-CFB9-4FA5-8AA0-80482768D02A}.Release|Any CPU.Build.0 = Release|Any CPU
		{8B329BBC-FCB9-4D5C-96A6-A62E33447472}.Debug|Any CPU.ActiveCfg = Debug|Any CPU
		{8B329BBC-FCB9-4D5C-96A6-A62E33447472}.Debug|Any CPU.Build.0 = Debug|Any CPU
		{8B329BBC-FCB9-4D5C-96A6-A62E33447472}.Release|Any CPU.ActiveCfg = Release|Any CPU
		{8B329BBC-FCB9-4D5C-96A6-A62E33447472}.Release|Any CPU.Build.0 = Release|Any CPU
	EndGlobalSection
EndGlobal
